
Microsoft Visual Studio Solution File, Format Version 12.00
# Visual Studio Version 17
VisualStudioVersion = 17.6.33815.320
MinimumVisualStudioVersion = 10.0.40219.1
Project("{FAE04EC0-301F-11D3-BF4B-00C04F79EFBC}") = "OOPsConcepts", "OOPsConcepts.csproj", "{5FA7C6A2-EA5A-485D-A77E-CC051A0CC7BE}"
EndProject
Global
	GlobalSection(SolutionConfigurationPlatforms) = preSolution
		Debug|Any CPU = Debug|Any CPU
		Release|Any CPU = Release|Any CPU
	EndGlobalSection
	GlobalSection(ProjectConfigurationPlatforms) = postSolution
		{5FA7C6A2-EA5A-485D-A77E-CC051A0CC7BE}.Debug|Any CPU.ActiveCfg = Debug|Any CPU
		{5FA7C6A2-EA5A-485D-A77E-CC051A0CC7BE}.Debug|Any CPU.Build.0 = Debug|Any CPU
		{5FA7C6A2-EA5A-485D-A77E-CC051A0CC7BE}.Release|Any CPU.ActiveCfg = Release|Any CPU
		{5FA7C6A2-EA5A-485D-A77E-CC051A0CC7BE}.Release|Any CPU.Build.0 = Release|Any CPU
	EndGlobalSection
	GlobalSection(SolutionProperties) = preSolution
		HideSolutionNode = FALSE
	EndGlobalSection
	GlobalSection(ExtensibilityGlobals) = postSolution
		SolutionGuid = {FE0F9228-6D63-419B-A427-FD616D2B1B17}
	EndGlobalSection
EndGlobal
