
Microsoft Visual Studio Solution File, Format Version 12.00
# Visual Studio Version 17
VisualStudioVersion = 17.6.33815.320
MinimumVisualStudioVersion = 10.0.40219.1
Project("{FAE04EC0-301F-11D3-BF4B-00C04F79EFBC}") = "RazorPages", "RazorPages.csproj", "{DBF2E17E-A0B2-4A87-A9F2-E2A4BBE6AB58}"
EndProject
Global
	GlobalSection(SolutionConfigurationPlatforms) = preSolution
		Debug|Any CPU = Debug|Any CPU
		Release|Any CPU = Release|Any CPU
	EndGlobalSection
	GlobalSection(ProjectConfigurationPlatforms) = postSolution
		{DBF2E17E-A0B2-4A87-A9F2-E2A4BBE6AB58}.Debug|Any CPU.ActiveCfg = Debug|Any CPU
		{DBF2E17E-A0B2-4A87-A9F2-E2A4BBE6AB58}.Debug|Any CPU.Build.0 = Debug|Any CPU
		{DBF2E17E-A0B2-4A87-A9F2-E2A4BBE6AB58}.Release|Any CPU.ActiveCfg = Release|Any CPU
		{DBF2E17E-A0B2-4A87-A9F2-E2A4BBE6AB58}.Release|Any CPU.Build.0 = Release|Any CPU
	EndGlobalSection
	GlobalSection(SolutionProperties) = preSolution
		HideSolutionNode = FALSE
	EndGlobalSection
	GlobalSection(ExtensibilityGlobals) = postSolution
		SolutionGuid = {6221EC5E-8ED2-4D1C-9499-D52EC4537A89}
	EndGlobalSection
EndGlobal
