
Microsoft Visual Studio Solution File, Format Version 12.00
# Visual Studio Version 17
VisualStudioVersion = 17.9.34728.123
MinimumVisualStudioVersion = 10.0.40219.1
Project("{FAE04EC0-301F-11D3-BF4B-00C04F79EFBC}") = "DotNetCoreMVC", "DotNetCoreMVC.csproj", "{591F0A9D-07C6-42AA-9161-5DFA4E9EC081}"
EndProject
Global
	GlobalSection(SolutionConfigurationPlatforms) = preSolution
		Debug|Any CPU = Debug|Any CPU
		Release|Any CPU = Release|Any CPU
	EndGlobalSection
	GlobalSection(ProjectConfigurationPlatforms) = postSolution
		{591F0A9D-07C6-42AA-9161-5DFA4E9EC081}.Debug|Any CPU.ActiveCfg = Debug|Any CPU
		{591F0A9D-07C6-42AA-9161-5DFA4E9EC081}.Debug|Any CPU.Build.0 = Debug|Any CPU
		{591F0A9D-07C6-42AA-9161-5DFA4E9EC081}.Release|Any CPU.ActiveCfg = Release|Any CPU
		{591F0A9D-07C6-42AA-9161-5DFA4E9EC081}.Release|Any CPU.Build.0 = Release|Any CPU
	EndGlobalSection
	GlobalSection(SolutionProperties) = preSolution
		HideSolutionNode = FALSE
	EndGlobalSection
	GlobalSection(ExtensibilityGlobals) = postSolution
		SolutionGuid = {232436D5-3E97-46BE-B66E-C5A8E7FDC7E2}
	EndGlobalSection
EndGlobal
